
Microsoft Visual Studio Solution File, Format Version 12.00
# Visual Studio Version 17
VisualStudioVersion = 17.3.32825.248
MinimumVisualStudioVersion = 10.0.40219.1
Project("{FAE04EC0-301F-11D3-BF4B-00C04F79EFBC}") = "WpfApp7", "WpfApp7.csproj", "{35C41438-1CCA-4726-9553-CB01255B7FBE}"
EndProject
Global
	GlobalSection(SolutionConfigurationPlatforms) = preSolution
		Debug|Any CPU = Debug|Any CPU
		Release|Any CPU = Release|Any CPU
	EndGlobalSection
	GlobalSection(ProjectConfigurationPlatforms) = postSolution
		{35C41438-1CCA-4726-9553-CB01255B7FBE}.Debug|Any CPU.ActiveCfg = Debug|Any CPU
		{35C41438-1CCA-4726-9553-CB01255B7FBE}.Debug|Any CPU.Build.0 = Debug|Any CPU
		{35C41438-1CCA-4726-9553-CB01255B7FBE}.Release|Any CPU.ActiveCfg = Release|Any CPU
		{35C41438-1CCA-4726-9553-CB01255B7FBE}.Release|Any CPU.Build.0 = Release|Any CPU
	EndGlobalSection
	GlobalSection(SolutionProperties) = preSolution
		HideSolutionNode = FALSE
	EndGlobalSection
	GlobalSection(ExtensibilityGlobals) = postSolution
		SolutionGuid = {318440E5-9FBE-45F8-B76B-2CCE7C5BFDE5}
	EndGlobalSection
EndGlobal
